// !$*UTF8*$!
{
	archiveVersion = 1;
	classes = {
	};
	objectVersion = 46;
	objects = {

/* Begin PBXBuildFile section */
		D05BC36E204139C800BBE10D /* View+PPFrameable.m in Sources */ = {isa = PBXBuildFile; fileRef = D05BC358204139C800BBE10D /* View+PPFrameable.m */; };
		D05BC36F204139C800BBE10D /* View+PPGroupable.m in Sources */ = {isa = PBXBuildFile; fileRef = D05BC359204139C800BBE10D /* View+PPGroupable.m */; };
		D05BC370204139C800BBE10D /* View+PPNeon.m in Sources */ = {isa = PBXBuildFile; fileRef = D05BC35A204139C800BBE10D /* View+PPNeon.m */; };
		D05BC371204139C800BBE10D /* View+PPAnchorable.m in Sources */ = {isa = PBXBuildFile; fileRef = D05BC35C204139C800BBE10D /* View+PPAnchorable.m */; };
		D05BC372204139C800BBE10D /* View+PPAlignable.m in Sources */ = {isa = PBXBuildFile; fileRef = D05BC35E204139C800BBE10D /* View+PPAlignable.m */; };
		D05BC373204139C800BBE10D /* PPNeonConstraint.m in Sources */ = {isa = PBXBuildFile; fileRef = D05BC363204139C800BBE10D /* PPNeonConstraint.m */; };
		D05BC374204139C800BBE10D /* PPNeonViewAttribute.m in Sources */ = {isa = PBXBuildFile; fileRef = D05BC364204139C800BBE10D /* PPNeonViewAttribute.m */; };
		D05BC375204139C800BBE10D /* PPNeonLayout.m in Sources */ = {isa = PBXBuildFile; fileRef = D05BC36A204139C800BBE10D /* PPNeonLayout.m */; };
		D05BC376204139C800BBE10D /* PPNeonCoordinates.m in Sources */ = {isa = PBXBuildFile; fileRef = D05BC36C204139C800BBE10D /* PPNeonCoordinates.m */; };
		D05BC37B204139DC00BBE10D /* PPExampleViewController.m in Sources */ = {isa = PBXBuildFile; fileRef = D05BC377204139DC00BBE10D /* PPExampleViewController.m */; };
		D05BC37C204139DC00BBE10D /* PPRootTableViewController.m in Sources */ = {isa = PBXBuildFile; fileRef = D05BC378204139DC00BBE10D /* PPRootTableViewController.m */; };
		D05BC37F204139EC00BBE10D /* AppDelegate.m in Sources */ = {isa = PBXBuildFile; fileRef = D05BC37D204139EC00BBE10D /* AppDelegate.m */; };
		D05BC381204139F900BBE10D /* main.m in Sources */ = {isa = PBXBuildFile; fileRef = D05BC380204139F900BBE10D /* main.m */; };
		D05BC39020413A0B00BBE10D /* PPNormalView.m in Sources */ = {isa = PBXBuildFile; fileRef = D05BC38320413A0B00BBE10D /* PPNormalView.m */; };
		D05BC39120413A0B00BBE10D /* PPEdgeView.m in Sources */ = {isa = PBXBuildFile; fileRef = D05BC38520413A0B00BBE10D /* PPEdgeView.m */; };
		D05BC39220413A0B00BBE10D /* PPLinkTestView.m in Sources */ = {isa = PBXBuildFile; fileRef = D05BC38620413A0B00BBE10D /* PPLinkTestView.m */; };
		D05BC39320413A0B00BBE10D /* PPAnimationView.m in Sources */ = {isa = PBXBuildFile; fileRef = D05BC38820413A0B00BBE10D /* PPAnimationView.m */; };
		D05BC39420413A0B00BBE10D /* PPGroupView.m in Sources */ = {isa = PBXBuildFile; fileRef = D05BC38B20413A0B00BBE10D /* PPGroupView.m */; };
		D05BC39520413A0B00BBE10D /* PPTestView.m in Sources */ = {isa = PBXBuildFile; fileRef = D05BC38D20413A0B00BBE10D /* PPTestView.m */; };
		D05BC39620413A0B00BBE10D /* PPAlignView.m in Sources */ = {isa = PBXBuildFile; fileRef = D05BC38E20413A0B00BBE10D /* PPAlignView.m */; };
		D05BC39820413A1700BBE10D /* Assets.xcassets in Resources */ = {isa = PBXBuildFile; fileRef = D05BC39720413A1700BBE10D /* Assets.xcassets */; };
		D05BC39A20413A3800BBE10D /* Info.plist in Resources */ = {isa = PBXBuildFile; fileRef = D05BC39920413A2A00BBE10D /* Info.plist */; };
		D05BC39F20413A4100BBE10D /* LaunchScreen.storyboard in Resources */ = {isa = PBXBuildFile; fileRef = D05BC39B20413A4100BBE10D /* LaunchScreen.storyboard */; };
		D05BC3A020413A4100BBE10D /* Main.storyboard in Resources */ = {isa = PBXBuildFile; fileRef = D05BC39D20413A4100BBE10D /* Main.storyboard */; };
/* End PBXBuildFile section */

/* Begin PBXFileReference section */
		D05BC357204139C800BBE10D /* View+PPAnchorable.h */ = {isa = PBXFileReference; fileEncoding = 4; lastKnownFileType = sourcecode.c.h; path = "View+PPAnchorable.h"; sourceTree = "<group>"; };
		D05BC358204139C800BBE10D /* View+PPFrameable.m */ = {isa = PBXFileReference; fileEncoding = 4; lastKnownFileType = sourcecode.c.objc; path = "View+PPFrameable.m"; sourceTree = "<group>"; };
		D05BC359204139C800BBE10D /* View+PPGroupable.m */ = {isa = PBXFileReference; fileEncoding = 4; lastKnownFileType = sourcecode.c.objc; path = "View+PPGroupable.m"; sourceTree = "<group>"; };
		D05BC35A204139C800BBE10D /* View+PPNeon.m */ = {isa = PBXFileReference; fileEncoding = 4; lastKnownFileType = sourcecode.c.objc; path = "View+PPNeon.m"; sourceTree = "<group>"; };
		D05BC35B204139C800BBE10D /* View+PPAlignable.h */ = {isa = PBXFileReference; fileEncoding = 4; lastKnownFileType = sourcecode.c.h; path = "View+PPAlignable.h"; sourceTree = "<group>"; };
		D05BC35C204139C800BBE10D /* View+PPAnchorable.m */ = {isa = PBXFileReference; fileEncoding = 4; lastKnownFileType = sourcecode.c.objc; path = "View+PPAnchorable.m"; sourceTree = "<group>"; };
		D05BC35D204139C800BBE10D /* View+PPFrameable.h */ = {isa = PBXFileReference; fileEncoding = 4; lastKnownFileType = sourcecode.c.h; path = "View+PPFrameable.h"; sourceTree = "<group>"; };
		D05BC35E204139C800BBE10D /* View+PPAlignable.m */ = {isa = PBXFileReference; fileEncoding = 4; lastKnownFileType = sourcecode.c.objc; path = "View+PPAlignable.m"; sourceTree = "<group>"; };
		D05BC35F204139C800BBE10D /* View+PPNeon.h */ = {isa = PBXFileReference; fileEncoding = 4; lastKnownFileType = sourcecode.c.h; path = "View+PPNeon.h"; sourceTree = "<group>"; };
		D05BC360204139C800BBE10D /* View+PPGroupable.h */ = {isa = PBXFileReference; fileEncoding = 4; lastKnownFileType = sourcecode.c.h; path = "View+PPGroupable.h"; sourceTree = "<group>"; };
		D05BC362204139C800BBE10D /* PPNeonLayout.h */ = {isa = PBXFileReference; fileEncoding = 4; lastKnownFileType = sourcecode.c.h; path = PPNeonLayout.h; sourceTree = "<group>"; };
		D05BC363204139C800BBE10D /* PPNeonConstraint.m */ = {isa = PBXFileReference; fileEncoding = 4; lastKnownFileType = sourcecode.c.objc; path = PPNeonConstraint.m; sourceTree = "<group>"; };
		D05BC364204139C800BBE10D /* PPNeonViewAttribute.m */ = {isa = PBXFileReference; fileEncoding = 4; lastKnownFileType = sourcecode.c.objc; path = PPNeonViewAttribute.m; sourceTree = "<group>"; };
		D05BC365204139C800BBE10D /* PPNeon.h */ = {isa = PBXFileReference; fileEncoding = 4; lastKnownFileType = sourcecode.c.h; path = PPNeon.h; sourceTree = "<group>"; };
		D05BC366204139C800BBE10D /* PPNeonUtilities.h */ = {isa = PBXFileReference; fileEncoding = 4; lastKnownFileType = sourcecode.c.h; path = PPNeonUtilities.h; sourceTree = "<group>"; };
		D05BC367204139C800BBE10D /* PPNeonViewAttribute.h */ = {isa = PBXFileReference; fileEncoding = 4; lastKnownFileType = sourcecode.c.h; path = PPNeonViewAttribute.h; sourceTree = "<group>"; };
		D05BC368204139C800BBE10D /* PPNeonLayoutProtocol.h */ = {isa = PBXFileReference; fileEncoding = 4; lastKnownFileType = sourcecode.c.h; path = PPNeonLayoutProtocol.h; sourceTree = "<group>"; };
		D05BC369204139C800BBE10D /* PPNeonConstraint.h */ = {isa = PBXFileReference; fileEncoding = 4; lastKnownFileType = sourcecode.c.h; path = PPNeonConstraint.h; sourceTree = "<group>"; };
		D05BC36A204139C800BBE10D /* PPNeonLayout.m */ = {isa = PBXFileReference; fileEncoding = 4; lastKnownFileType = sourcecode.c.objc; path = PPNeonLayout.m; sourceTree = "<group>"; };
		D05BC36C204139C800BBE10D /* PPNeonCoordinates.m */ = {isa = PBXFileReference; fileEncoding = 4; lastKnownFileType = sourcecode.c.objc; path = PPNeonCoordinates.m; sourceTree = "<group>"; };
		D05BC36D204139C800BBE10D /* PPNeonCoordinates.h */ = {isa = PBXFileReference; fileEncoding = 4; lastKnownFileType = sourcecode.c.h; path = PPNeonCoordinates.h; sourceTree = "<group>"; };
		D05BC377204139DC00BBE10D /* PPExampleViewController.m */ = {isa = PBXFileReference; fileEncoding = 4; lastKnownFileType = sourcecode.c.objc; name = PPExampleViewController.m; path = ../Examples/PPExampleViewController.m; sourceTree = "<group>"; };
		D05BC378204139DC00BBE10D /* PPRootTableViewController.m */ = {isa = PBXFileReference; fileEncoding = 4; lastKnownFileType = sourcecode.c.objc; name = PPRootTableViewController.m; path = ../Examples/PPRootTableViewController.m; sourceTree = "<group>"; };
		D05BC379204139DC00BBE10D /* PPExampleViewController.h */ = {isa = PBXFileReference; fileEncoding = 4; lastKnownFileType = sourcecode.c.h; name = PPExampleViewController.h; path = ../Examples/PPExampleViewController.h; sourceTree = "<group>"; };
		D05BC37A204139DC00BBE10D /* PPRootTableViewController.h */ = {isa = PBXFileReference; fileEncoding = 4; lastKnownFileType = sourcecode.c.h; name = PPRootTableViewController.h; path = ../Examples/PPRootTableViewController.h; sourceTree = "<group>"; };
		D05BC37D204139EC00BBE10D /* AppDelegate.m */ = {isa = PBXFileReference; fileEncoding = 4; lastKnownFileType = sourcecode.c.objc; name = AppDelegate.m; path = ../Examples/AppDelegate.m; sourceTree = "<group>"; };
		D05BC37E204139EC00BBE10D /* AppDelegate.h */ = {isa = PBXFileReference; fileEncoding = 4; lastKnownFileType = sourcecode.c.h; name = AppDelegate.h; path = ../Examples/AppDelegate.h; sourceTree = "<group>"; };
		D05BC380204139F900BBE10D /* main.m */ = {isa = PBXFileReference; fileEncoding = 4; lastKnownFileType = sourcecode.c.objc; name = main.m; path = ../Examples/main.m; sourceTree = "<group>"; };
		D05BC38220413A0A00BBE10D /* PPLinkTestView.h */ = {isa = PBXFileReference; fileEncoding = 4; lastKnownFileType = sourcecode.c.h; name = PPLinkTestView.h; path = ../Examples/PPLinkTestView.h; sourceTree = "<group>"; };
		D05BC38320413A0B00BBE10D /* PPNormalView.m */ = {isa = PBXFileReference; fileEncoding = 4; lastKnownFileType = sourcecode.c.objc; name = PPNormalView.m; path = ../Examples/PPNormalView.m; sourceTree = "<group>"; };
		D05BC38420413A0B00BBE10D /* PPAlignView.h */ = {isa = PBXFileReference; fileEncoding = 4; lastKnownFileType = sourcecode.c.h; name = PPAlignView.h; path = ../Examples/PPAlignView.h; sourceTree = "<group>"; };
		D05BC38520413A0B00BBE10D /* PPEdgeView.m */ = {isa = PBXFileReference; fileEncoding = 4; lastKnownFileType = sourcecode.c.objc; name = PPEdgeView.m; path = ../Examples/PPEdgeView.m; sourceTree = "<group>"; };
		D05BC38620413A0B00BBE10D /* PPLinkTestView.m */ = {isa = PBXFileReference; fileEncoding = 4; lastKnownFileType = sourcecode.c.objc; name = PPLinkTestView.m; path = ../Examples/PPLinkTestView.m; sourceTree = "<group>"; };
		D05BC38720413A0B00BBE10D /* PPAnimationView.h */ = {isa = PBXFileReference; fileEncoding = 4; lastKnownFileType = sourcecode.c.h; name = PPAnimationView.h; path = ../Examples/PPAnimationView.h; sourceTree = "<group>"; };
		D05BC38820413A0B00BBE10D /* PPAnimationView.m */ = {isa = PBXFileReference; fileEncoding = 4; lastKnownFileType = sourcecode.c.objc; name = PPAnimationView.m; path = ../Examples/PPAnimationView.m; sourceTree = "<group>"; };
		D05BC38920413A0B00BBE10D /* PPTestView.h */ = {isa = PBXFileReference; fileEncoding = 4; lastKnownFileType = sourcecode.c.h; name = PPTestView.h; path = ../Examples/PPTestView.h; sourceTree = "<group>"; };
		D05BC38A20413A0B00BBE10D /* PPGroupView.h */ = {isa = PBXFileReference; fileEncoding = 4; lastKnownFileType = sourcecode.c.h; name = PPGroupView.h; path = ../Examples/PPGroupView.h; sourceTree = "<group>"; };
		D05BC38B20413A0B00BBE10D /* PPGroupView.m */ = {isa = PBXFileReference; fileEncoding = 4; lastKnownFileType = sourcecode.c.objc; name = PPGroupView.m; path = ../Examples/PPGroupView.m; sourceTree = "<group>"; };
		D05BC38C20413A0B00BBE10D /* PPNormalView.h */ = {isa = PBXFileReference; fileEncoding = 4; lastKnownFileType = sourcecode.c.h; name = PPNormalView.h; path = ../Examples/PPNormalView.h; sourceTree = "<group>"; };
		D05BC38D20413A0B00BBE10D /* PPTestView.m */ = {isa = PBXFileReference; fileEncoding = 4; lastKnownFileType = sourcecode.c.objc; name = PPTestView.m; path = ../Examples/PPTestView.m; sourceTree = "<group>"; };
		D05BC38E20413A0B00BBE10D /* PPAlignView.m */ = {isa = PBXFileReference; fileEncoding = 4; lastKnownFileType = sourcecode.c.objc; name = PPAlignView.m; path = ../Examples/PPAlignView.m; sourceTree = "<group>"; };
		D05BC38F20413A0B00BBE10D /* PPEdgeView.h */ = {isa = PBXFileReference; fileEncoding = 4; lastKnownFileType = sourcecode.c.h; name = PPEdgeView.h; path = ../Examples/PPEdgeView.h; sourceTree = "<group>"; };
		D05BC39720413A1700BBE10D /* Assets.xcassets */ = {isa = PBXFileReference; lastKnownFileType = folder.assetcatalog; name = Assets.xcassets; path = ../Examples/Assets.xcassets; sourceTree = "<group>"; };
		D05BC39920413A2A00BBE10D /* Info.plist */ = {isa = PBXFileReference; fileEncoding = 4; lastKnownFileType = text.plist.xml; name = Info.plist; path = ../Examples/Info.plist; sourceTree = "<group>"; };
		D05BC39C20413A4100BBE10D /* Base */ = {isa = PBXFileReference; lastKnownFileType = file.storyboard; name = Base; path = ../Examples/Base.lproj/LaunchScreen.storyboard; sourceTree = "<group>"; };
		D05BC39E20413A4100BBE10D /* Base */ = {isa = PBXFileReference; lastKnownFileType = file.storyboard; name = Base; path = ../Examples/Base.lproj/Main.storyboard; sourceTree = "<group>"; };
		D05BC3A120413A5100BBE10D /* PPNeon-Prefix.pch */ = {isa = PBXFileReference; fileEncoding = 4; lastKnownFileType = sourcecode.c.h; name = "PPNeon-Prefix.pch"; path = "../Examples/PPNeon-Prefix.pch"; sourceTree = "<group>"; };
		D69973151F45DBA20090CEA6 /* PPNeon.app */ = {isa = PBXFileReference; explicitFileType = wrapper.application; includeInIndex = 0; path = PPNeon.app; sourceTree = BUILT_PRODUCTS_DIR; };
/* End PBXFileReference section */

/* Begin PBXFrameworksBuildPhase section */
		D69973121F45DBA20090CEA6 /* Frameworks */ = {
			isa = PBXFrameworksBuildPhase;
			buildActionMask = 2147483647;
			files = (
			);
			runOnlyForDeploymentPostprocessing = 0;
		};
/* End PBXFrameworksBuildPhase section */

/* Begin PBXGroup section */
		D05BC355204139C800BBE10D /* PPNeon */ = {
			isa = PBXGroup;
			children = (
				D05BC356204139C800BBE10D /* UIKit+PPNeon */,
				D05BC361204139C800BBE10D /* PPNeon */,
				D05BC36B204139C800BBE10D /* Helpers */,
			);
			name = PPNeon;
			path = ../PPNeon;
			sourceTree = "<group>";
		};
		D05BC356204139C800BBE10D /* UIKit+PPNeon */ = {
			isa = PBXGroup;
			children = (
				D05BC357204139C800BBE10D /* View+PPAnchorable.h */,
				D05BC358204139C800BBE10D /* View+PPFrameable.m */,
				D05BC359204139C800BBE10D /* View+PPGroupable.m */,
				D05BC35A204139C800BBE10D /* View+PPNeon.m */,
				D05BC35B204139C800BBE10D /* View+PPAlignable.h */,
				D05BC35C204139C800BBE10D /* View+PPAnchorable.m */,
				D05BC35D204139C800BBE10D /* View+PPFrameable.h */,
				D05BC35E204139C800BBE10D /* View+PPAlignable.m */,
				D05BC35F204139C800BBE10D /* View+PPNeon.h */,
				D05BC360204139C800BBE10D /* View+PPGroupable.h */,
			);
			path = "UIKit+PPNeon";
			sourceTree = "<group>";
		};
		D05BC361204139C800BBE10D /* PPNeon */ = {
			isa = PBXGroup;
			children = (
				D05BC362204139C800BBE10D /* PPNeonLayout.h */,
				D05BC363204139C800BBE10D /* PPNeonConstraint.m */,
				D05BC364204139C800BBE10D /* PPNeonViewAttribute.m */,
				D05BC365204139C800BBE10D /* PPNeon.h */,
				D05BC366204139C800BBE10D /* PPNeonUtilities.h */,
				D05BC367204139C800BBE10D /* PPNeonViewAttribute.h */,
				D05BC368204139C800BBE10D /* PPNeonLayoutProtocol.h */,
				D05BC369204139C800BBE10D /* PPNeonConstraint.h */,
				D05BC36A204139C800BBE10D /* PPNeonLayout.m */,
			);
			path = PPNeon;
			sourceTree = "<group>";
		};
		D05BC36B204139C800BBE10D /* Helpers */ = {
			isa = PBXGroup;
			children = (
				D05BC36D204139C800BBE10D /* PPNeonCoordinates.h */,
				D05BC36C204139C800BBE10D /* PPNeonCoordinates.m */,
			);
			path = Helpers;
			sourceTree = "<group>";
		};
		D6100B891F45F0610079C0AB /* Supporting Files */ = {
			isa = PBXGroup;
			children = (
				D05BC380204139F900BBE10D /* main.m */,
				D05BC3A120413A5100BBE10D /* PPNeon-Prefix.pch */,
			);
			name = "Supporting Files";
			sourceTree = "<group>";
		};
		D699730C1F45DBA20090CEA6 = {
			isa = PBXGroup;
			children = (
				D05BC355204139C800BBE10D /* PPNeon */,
				D699732F1F45DBC70090CEA6 /* Examples */,
				D69973161F45DBA20090CEA6 /* Products */,
			);
			sourceTree = "<group>";
		};
		D69973161F45DBA20090CEA6 /* Products */ = {
			isa = PBXGroup;
			children = (
				D69973151F45DBA20090CEA6 /* PPNeon.app */,
			);
			name = Products;
			sourceTree = "<group>";
		};
		D699732F1F45DBC70090CEA6 /* Examples */ = {
			isa = PBXGroup;
			children = (
				D699738A1F45DF3D0090CEA6 /* Controllers */,
				D699736D1F45DF080090CEA6 /* Views */,
				D69973361F45DBED0090CEA6 /* Resources */,
				D6100B891F45F0610079C0AB /* Supporting Files */,
				D69973301F45DBD40090CEA6 /* Appdelegate */,
			);
			name = Examples;
			sourceTree = "<group>";
		};
		D69973301F45DBD40090CEA6 /* Appdelegate */ = {
			isa = PBXGroup;
			children = (
				D05BC37E204139EC00BBE10D /* AppDelegate.h */,
				D05BC37D204139EC00BBE10D /* AppDelegate.m */,
			);
			name = Appdelegate;
			sourceTree = "<group>";
		};
		D69973361F45DBED0090CEA6 /* Resources */ = {
			isa = PBXGroup;
			children = (
				D05BC39B20413A4100BBE10D /* LaunchScreen.storyboard */,
				D05BC39D20413A4100BBE10D /* Main.storyboard */,
				D05BC39920413A2A00BBE10D /* Info.plist */,
				D05BC39720413A1700BBE10D /* Assets.xcassets */,
			);
			name = Resources;
			sourceTree = "<group>";
		};
		D699736D1F45DF080090CEA6 /* Views */ = {
			isa = PBXGroup;
			children = (
				D05BC38420413A0B00BBE10D /* PPAlignView.h */,
				D05BC38E20413A0B00BBE10D /* PPAlignView.m */,
				D05BC38720413A0B00BBE10D /* PPAnimationView.h */,
				D05BC38820413A0B00BBE10D /* PPAnimationView.m */,
				D05BC38F20413A0B00BBE10D /* PPEdgeView.h */,
				D05BC38520413A0B00BBE10D /* PPEdgeView.m */,
				D05BC38A20413A0B00BBE10D /* PPGroupView.h */,
				D05BC38B20413A0B00BBE10D /* PPGroupView.m */,
				D05BC38220413A0A00BBE10D /* PPLinkTestView.h */,
				D05BC38620413A0B00BBE10D /* PPLinkTestView.m */,
				D05BC38C20413A0B00BBE10D /* PPNormalView.h */,
				D05BC38320413A0B00BBE10D /* PPNormalView.m */,
				D05BC38920413A0B00BBE10D /* PPTestView.h */,
				D05BC38D20413A0B00BBE10D /* PPTestView.m */,
			);
			name = Views;
			sourceTree = "<group>";
		};
		D699738A1F45DF3D0090CEA6 /* Controllers */ = {
			isa = PBXGroup;
			children = (
				D05BC379204139DC00BBE10D /* PPExampleViewController.h */,
				D05BC377204139DC00BBE10D /* PPExampleViewController.m */,
				D05BC37A204139DC00BBE10D /* PPRootTableViewController.h */,
				D05BC378204139DC00BBE10D /* PPRootTableViewController.m */,
			);
			name = Controllers;
			sourceTree = "<group>";
		};
/* End PBXGroup section */

/* Begin PBXNativeTarget section */
		D69973141F45DBA20090CEA6 /* PPNeon */ = {
			isa = PBXNativeTarget;
			buildConfigurationList = D699732C1F45DBA20090CEA6 /* Build configuration list for PBXNativeTarget "PPNeon" */;
			buildPhases = (
				D69973111F45DBA20090CEA6 /* Sources */,
				D69973121F45DBA20090CEA6 /* Frameworks */,
				D69973131F45DBA20090CEA6 /* Resources */,
			);
			buildRules = (
			);
			dependencies = (
			);
			name = PPNeon;
			productName = PPNeon;
			productReference = D69973151F45DBA20090CEA6 /* PPNeon.app */;
			productType = "com.apple.product-type.application";
		};
/* End PBXNativeTarget section */

/* Begin PBXProject section */
		D699730D1F45DBA20090CEA6 /* Project object */ = {
			isa = PBXProject;
			attributes = {
				LastUpgradeCheck = 0920;
				ORGANIZATIONNAME = silencedev;
				TargetAttributes = {
					D69973141F45DBA20090CEA6 = {
						CreatedOnToolsVersion = 8.3.3;
						ProvisioningStyle = Automatic;
					};
				};
			};
			buildConfigurationList = D69973101F45DBA20090CEA6 /* Build configuration list for PBXProject "PPNeon" */;
			compatibilityVersion = "Xcode 3.2";
			developmentRegion = English;
			hasScannedForEncodings = 0;
			knownRegions = (
				en,
				Base,
			);
			mainGroup = D699730C1F45DBA20090CEA6;
			productRefGroup = D69973161F45DBA20090CEA6 /* Products */;
			projectDirPath = "";
			projectRoot = "";
			targets = (
				D69973141F45DBA20090CEA6 /* PPNeon */,
			);
		};
/* End PBXProject section */

/* Begin PBXResourcesBuildPhase section */
		D69973131F45DBA20090CEA6 /* Resources */ = {
			isa = PBXResourcesBuildPhase;
			buildActionMask = 2147483647;
			files = (
				D05BC39F20413A4100BBE10D /* LaunchScreen.storyboard in Resources */,
				D05BC39820413A1700BBE10D /* Assets.xcassets in Resources */,
				D05BC39A20413A3800BBE10D /* Info.plist in Resources */,
				D05BC3A020413A4100BBE10D /* Main.storyboard in Resources */,
			);
			runOnlyForDeploymentPostprocessing = 0;
		};
/* End PBXResourcesBuildPhase section */

/* Begin PBXSourcesBuildPhase section */
		D69973111F45DBA20090CEA6 /* Sources */ = {
			isa = PBXSourcesBuildPhase;
			buildActionMask = 2147483647;
			files = (
				D05BC372204139C800BBE10D /* View+PPAlignable.m in Sources */,
				D05BC36E204139C800BBE10D /* View+PPFrameable.m in Sources */,
				D05BC36F204139C800BBE10D /* View+PPGroupable.m in Sources */,
				D05BC370204139C800BBE10D /* View+PPNeon.m in Sources */,
				D05BC37B204139DC00BBE10D /* PPExampleViewController.m in Sources */,
				D05BC373204139C800BBE10D /* PPNeonConstraint.m in Sources */,
				D05BC39320413A0B00BBE10D /* PPAnimationView.m in Sources */,
				D05BC376204139C800BBE10D /* PPNeonCoordinates.m in Sources */,
				D05BC39420413A0B00BBE10D /* PPGroupView.m in Sources */,
				D05BC374204139C800BBE10D /* PPNeonViewAttribute.m in Sources */,
				D05BC375204139C800BBE10D /* PPNeonLayout.m in Sources */,
				D05BC39520413A0B00BBE10D /* PPTestView.m in Sources */,
				D05BC37C204139DC00BBE10D /* PPRootTableViewController.m in Sources */,
				D05BC371204139C800BBE10D /* View+PPAnchorable.m in Sources */,
				D05BC39120413A0B00BBE10D /* PPEdgeView.m in Sources */,
				D05BC39620413A0B00BBE10D /* PPAlignView.m in Sources */,
				D05BC39220413A0B00BBE10D /* PPLinkTestView.m in Sources */,
				D05BC381204139F900BBE10D /* main.m in Sources */,
				D05BC37F204139EC00BBE10D /* AppDelegate.m in Sources */,
				D05BC39020413A0B00BBE10D /* PPNormalView.m in Sources */,
			);
			runOnlyForDeploymentPostprocessing = 0;
		};
/* End PBXSourcesBuildPhase section */

/* Begin PBXVariantGroup section */
		D05BC39B20413A4100BBE10D /* LaunchScreen.storyboard */ = {
			isa = PBXVariantGroup;
			children = (
				D05BC39C20413A4100BBE10D /* Base */,
			);
			name = LaunchScreen.storyboard;
			sourceTree = "<group>";
		};
		D05BC39D20413A4100BBE10D /* Main.storyboard */ = {
			isa = PBXVariantGroup;
			children = (
				D05BC39E20413A4100BBE10D /* Base */,
			);
			name = Main.storyboard;
			sourceTree = "<group>";
		};
/* End PBXVariantGroup section */

/* Begin XCBuildConfiguration section */
		D699732A1F45DBA20090CEA6 /* Debug */ = {
			isa = XCBuildConfiguration;
			buildSettings = {
				ALWAYS_SEARCH_USER_PATHS = NO;
				CLANG_ANALYZER_NONNULL = YES;
				CLANG_ANALYZER_NUMBER_OBJECT_CONVERSION = YES_AGGRESSIVE;
				CLANG_CXX_LANGUAGE_STANDARD = "gnu++0x";
				CLANG_CXX_LIBRARY = "libc++";
				CLANG_ENABLE_MODULES = YES;
				CLANG_ENABLE_OBJC_ARC = YES;
				CLANG_WARN_BLOCK_CAPTURE_AUTORELEASING = YES;
				CLANG_WARN_BOOL_CONVERSION = YES;
				CLANG_WARN_COMMA = YES;
				CLANG_WARN_CONSTANT_CONVERSION = YES;
				CLANG_WARN_DIRECT_OBJC_ISA_USAGE = YES_ERROR;
				CLANG_WARN_DOCUMENTATION_COMMENTS = YES;
				CLANG_WARN_EMPTY_BODY = YES;
				CLANG_WARN_ENUM_CONVERSION = YES;
				CLANG_WARN_INFINITE_RECURSION = YES;
				CLANG_WARN_INT_CONVERSION = YES;
				CLANG_WARN_NON_LITERAL_NULL_CONVERSION = YES;
				CLANG_WARN_OBJC_LITERAL_CONVERSION = YES;
				CLANG_WARN_OBJC_ROOT_CLASS = YES_ERROR;
				CLANG_WARN_RANGE_LOOP_ANALYSIS = YES;
				CLANG_WARN_STRICT_PROTOTYPES = YES;
				CLANG_WARN_SUSPICIOUS_MOVE = YES;
				CLANG_WARN_UNREACHABLE_CODE = YES;
				CLANG_WARN__DUPLICATE_METHOD_MATCH = YES;
				"CODE_SIGN_IDENTITY[sdk=iphoneos*]" = "iPhone Developer";
				COPY_PHASE_STRIP = NO;
				DEBUG_INFORMATION_FORMAT = dwarf;
				ENABLE_STRICT_OBJC_MSGSEND = YES;
				ENABLE_TESTABILITY = YES;
				GCC_C_LANGUAGE_STANDARD = gnu99;
				GCC_DYNAMIC_NO_PIC = NO;
				GCC_NO_COMMON_BLOCKS = YES;
				GCC_OPTIMIZATION_LEVEL = 0;
				GCC_PREPROCESSOR_DEFINITIONS = (
					"DEBUG=1",
					"$(inherited)",
				);
				GCC_WARN_64_TO_32_BIT_CONVERSION = YES;
				GCC_WARN_ABOUT_RETURN_TYPE = YES_ERROR;
				GCC_WARN_UNDECLARED_SELECTOR = YES;
				GCC_WARN_UNINITIALIZED_AUTOS = YES_AGGRESSIVE;
				GCC_WARN_UNUSED_FUNCTION = YES;
				GCC_WARN_UNUSED_VARIABLE = YES;
				IPHONEOS_DEPLOYMENT_TARGET = 10.3;
				MTL_ENABLE_DEBUG_INFO = YES;
				ONLY_ACTIVE_ARCH = YES;
				SDKROOT = iphoneos;
				TARGETED_DEVICE_FAMILY = "1,2";
			};
			name = Debug;
		};
		D699732B1F45DBA20090CEA6 /* Release */ = {
			isa = XCBuildConfiguration;
			buildSettings = {
				ALWAYS_SEARCH_USER_PATHS = NO;
				CLANG_ANALYZER_NONNULL = YES;
				CLANG_ANALYZER_NUMBER_OBJECT_CONVERSION = YES_AGGRESSIVE;
				CLANG_CXX_LANGUAGE_STANDARD = "gnu++0x";
				CLANG_CXX_LIBRARY = "libc++";
				CLANG_ENABLE_MODULES = YES;
				CLANG_ENABLE_OBJC_ARC = YES;
				CLANG_WARN_BLOCK_CAPTURE_AUTORELEASING = YES;
				CLANG_WARN_BOOL_CONVERSION = YES;
				CLANG_WARN_COMMA = YES;
				CLANG_WARN_CONSTANT_CONVERSION = YES;
				CLANG_WARN_DIRECT_OBJC_ISA_USAGE = YES_ERROR;
				CLANG_WARN_DOCUMENTATION_COMMENTS = YES;
				CLANG_WARN_EMPTY_BODY = YES;
				CLANG_WARN_ENUM_CONVERSION = YES;
				CLANG_WARN_INFINITE_RECURSION = YES;
				CLANG_WARN_INT_CONVERSION = YES;
				CLANG_WARN_NON_LITERAL_NULL_CONVERSION = YES;
				CLANG_WARN_OBJC_LITERAL_CONVERSION = YES;
				CLANG_WARN_OBJC_ROOT_CLASS = YES_ERROR;
				CLANG_WARN_RANGE_LOOP_ANALYSIS = YES;
				CLANG_WARN_STRICT_PROTOTYPES = YES;
				CLANG_WARN_SUSPICIOUS_MOVE = YES;
				CLANG_WARN_UNREACHABLE_CODE = YES;
				CLANG_WARN__DUPLICATE_METHOD_MATCH = YES;
				"CODE_SIGN_IDENTITY[sdk=iphoneos*]" = "iPhone Developer";
				COPY_PHASE_STRIP = NO;
				DEBUG_INFORMATION_FORMAT = "dwarf-with-dsym";
				ENABLE_NS_ASSERTIONS = NO;
				ENABLE_STRICT_OBJC_MSGSEND = YES;
				GCC_C_LANGUAGE_STANDARD = gnu99;
				GCC_NO_COMMON_BLOCKS = YES;
				GCC_WARN_64_TO_32_BIT_CONVERSION = YES;
				GCC_WARN_ABOUT_RETURN_TYPE = YES_ERROR;
				GCC_WARN_UNDECLARED_SELECTOR = YES;
				GCC_WARN_UNINITIALIZED_AUTOS = YES_AGGRESSIVE;
				GCC_WARN_UNUSED_FUNCTION = YES;
				GCC_WARN_UNUSED_VARIABLE = YES;
				IPHONEOS_DEPLOYMENT_TARGET = 10.3;
				MTL_ENABLE_DEBUG_INFO = NO;
				SDKROOT = iphoneos;
				TARGETED_DEVICE_FAMILY = "1,2";
				VALIDATE_PRODUCT = YES;
			};
			name = Release;
		};
		D699732D1F45DBA20090CEA6 /* Debug */ = {
			isa = XCBuildConfiguration;
			buildSettings = {
				ASSETCATALOG_COMPILER_APPICON_NAME = AppIcon;
				GCC_PREFIX_HEADER = "../Examples/PPNeon-Prefix.pch";
				INFOPLIST_FILE = "$(SRCROOT)/../Examples/Info.plist";
				LD_RUNPATH_SEARCH_PATHS = "$(inherited) @executable_path/Frameworks";
				PRODUCT_BUNDLE_IDENTIFIER = iastrolien.PPNeon;
				PRODUCT_NAME = "$(TARGET_NAME)";
			};
			name = Debug;
		};
		D699732E1F45DBA20090CEA6 /* Release */ = {
			isa = XCBuildConfiguration;
			buildSettings = {
				ASSETCATALOG_COMPILER_APPICON_NAME = AppIcon;
				GCC_PREFIX_HEADER = "../Examples/PPNeon-Prefix.pch";
				INFOPLIST_FILE = "$(SRCROOT)/../Examples/Info.plist";
				LD_RUNPATH_SEARCH_PATHS = "$(inherited) @executable_path/Frameworks";
				PRODUCT_BUNDLE_IDENTIFIER = iastrolien.PPNeon;
				PRODUCT_NAME = "$(TARGET_NAME)";
			};
			name = Release;
		};
/* End XCBuildConfiguration section */

/* Begin XCConfigurationList section */
		D69973101F45DBA20090CEA6 /* Build configuration list for PBXProject "PPNeon" */ = {
			isa = XCConfigurationList;
			buildConfigurations = (
				D699732A1F45DBA20090CEA6 /* Debug */,
				D699732B1F45DBA20090CEA6 /* Release */,
			);
			defaultConfigurationIsVisible = 0;
			defaultConfigurationName = Release;
		};
		D699732C1F45DBA20090CEA6 /* Build configuration list for PBXNativeTarget "PPNeon" */ = {
			isa = XCConfigurationList;
			buildConfigurations = (
				D699732D1F45DBA20090CEA6 /* Debug */,
				D699732E1F45DBA20090CEA6 /* Release */,
			);
			defaultConfigurationIsVisible = 0;
			defaultConfigurationName = Release;
		};
/* End XCConfigurationList section */
	};
	rootObject = D699730D1F45DBA20090CEA6 /* Project object */;
}
